// !$*UTF8*$!
{
	archiveVersion = 1;
	classes = {
	};
	objectVersion = 50;
	objects = {

/* Begin PBXBuildFile section */
		ED11A7DA24468F3000D1EAA8 /* AppDelegate.swift in Sources */ = {isa = PBXBuildFile; fileRef = ED11A7D924468F3000D1EAA8 /* AppDelegate.swift */; };
		ED11A7DC24468F3000D1EAA8 /* SceneDelegate.swift in Sources */ = {isa = PBXBuildFile; fileRef = ED11A7DB24468F3000D1EAA8 /* SceneDelegate.swift */; };
		ED11A7DE24468F3000D1EAA8 /* RegisterTimeViewController.swift in Sources */ = {isa = PBXBuildFile; fileRef = ED11A7DD24468F3000D1EAA8 /* RegisterTimeViewController.swift */; };
		ED11A7E324468F3600D1EAA8 /* Assets.xcassets in Resources */ = {isa = PBXBuildFile; fileRef = ED11A7E224468F3600D1EAA8 /* Assets.xcassets */; };
		ED11A7F124468F3700D1EAA8 /* TimePlayedTests.swift in Sources */ = {isa = PBXBuildFile; fileRef = ED11A7F024468F3700D1EAA8 /* TimePlayedTests.swift */; };
		ED11A7FC24468F3700D1EAA8 /* TimePlayedUITests.swift in Sources */ = {isa = PBXBuildFile; fileRef = ED11A7FB24468F3700D1EAA8 /* TimePlayedUITests.swift */; };
		ED11A80A2446A26C00D1EAA8 /* GamesPanelViewController.swift in Sources */ = {isa = PBXBuildFile; fileRef = ED11A8092446A26C00D1EAA8 /* GamesPanelViewController.swift */; };
		ED11A80C24493B9300D1EAA8 /* LaunchScreen.storyboard in Resources */ = {isa = PBXBuildFile; fileRef = ED11A80B24493B9200D1EAA8 /* LaunchScreen.storyboard */; };
/* End PBXBuildFile section */

/* Begin PBXContainerItemProxy section */
		ED11A7ED24468F3700D1EAA8 /* PBXContainerItemProxy */ = {
			isa = PBXContainerItemProxy;
			containerPortal = ED11A7CE24468F3000D1EAA8 /* Project object */;
			proxyType = 1;
			remoteGlobalIDString = ED11A7D524468F3000D1EAA8;
			remoteInfo = TimePlayed;
		};
		ED11A7F824468F3700D1EAA8 /* PBXContainerItemProxy */ = {
			isa = PBXContainerItemProxy;
			containerPortal = ED11A7CE24468F3000D1EAA8 /* Project object */;
			proxyType = 1;
			remoteGlobalIDString = ED11A7D524468F3000D1EAA8;
			remoteInfo = TimePlayed;
		};
/* End PBXContainerItemProxy section */

/* Begin PBXFileReference section */
		ED11A7D624468F3000D1EAA8 /* TimePlayed.app */ = {isa = PBXFileReference; explicitFileType = wrapper.application; includeInIndex = 0; path = TimePlayed.app; sourceTree = BUILT_PRODUCTS_DIR; };
		ED11A7D924468F3000D1EAA8 /* AppDelegate.swift */ = {isa = PBXFileReference; lastKnownFileType = sourcecode.swift; path = AppDelegate.swift; sourceTree = "<group>"; };
		ED11A7DB24468F3000D1EAA8 /* SceneDelegate.swift */ = {isa = PBXFileReference; lastKnownFileType = sourcecode.swift; path = SceneDelegate.swift; sourceTree = "<group>"; };
		ED11A7DD24468F3000D1EAA8 /* RegisterTimeViewController.swift */ = {isa = PBXFileReference; lastKnownFileType = sourcecode.swift; path = RegisterTimeViewController.swift; sourceTree = "<group>"; };
		ED11A7E224468F3600D1EAA8 /* Assets.xcassets */ = {isa = PBXFileReference; lastKnownFileType = folder.assetcatalog; path = Assets.xcassets; sourceTree = "<group>"; };
		ED11A7E724468F3600D1EAA8 /* Info.plist */ = {isa = PBXFileReference; lastKnownFileType = text.plist.xml; path = Info.plist; sourceTree = "<group>"; };
		ED11A7EC24468F3700D1EAA8 /* TimePlayedTests.xctest */ = {isa = PBXFileReference; explicitFileType = wrapper.cfbundle; includeInIndex = 0; path = TimePlayedTests.xctest; sourceTree = BUILT_PRODUCTS_DIR; };
		ED11A7F024468F3700D1EAA8 /* TimePlayedTests.swift */ = {isa = PBXFileReference; lastKnownFileType = sourcecode.swift; path = TimePlayedTests.swift; sourceTree = "<group>"; };
		ED11A7F224468F3700D1EAA8 /* Info.plist */ = {isa = PBXFileReference; lastKnownFileType = text.plist.xml; path = Info.plist; sourceTree = "<group>"; };
		ED11A7F724468F3700D1EAA8 /* TimePlayedUITests.xctest */ = {isa = PBXFileReference; explicitFileType = wrapper.cfbundle; includeInIndex = 0; path = TimePlayedUITests.xctest; sourceTree = BUILT_PRODUCTS_DIR; };
		ED11A7FB24468F3700D1EAA8 /* TimePlayedUITests.swift */ = {isa = PBXFileReference; lastKnownFileType = sourcecode.swift; path = TimePlayedUITests.swift; sourceTree = "<group>"; };
		ED11A7FD24468F3700D1EAA8 /* Info.plist */ = {isa = PBXFileReference; lastKnownFileType = text.plist.xml; path = Info.plist; sourceTree = "<group>"; };
		ED11A8092446A26C00D1EAA8 /* GamesPanelViewController.swift */ = {isa = PBXFileReference; lastKnownFileType = sourcecode.swift; path = GamesPanelViewController.swift; sourceTree = "<group>"; };
		ED11A80B24493B9200D1EAA8 /* LaunchScreen.storyboard */ = {isa = PBXFileReference; lastKnownFileType = file.storyboard; path = LaunchScreen.storyboard; sourceTree = "<group>"; };
/* End PBXFileReference section */

/* Begin PBXFrameworksBuildPhase section */
		ED11A7D324468F3000D1EAA8 /* Frameworks */ = {
			isa = PBXFrameworksBuildPhase;
			buildActionMask = 2147483647;
			files = (
			);
			runOnlyForDeploymentPostprocessing = 0;
		};
		ED11A7E924468F3700D1EAA8 /* Frameworks */ = {
			isa = PBXFrameworksBuildPhase;
			buildActionMask = 2147483647;
			files = (
			);
			runOnlyForDeploymentPostprocessing = 0;
		};
		ED11A7F424468F3700D1EAA8 /* Frameworks */ = {
			isa = PBXFrameworksBuildPhase;
			buildActionMask = 2147483647;
			files = (
			);
			runOnlyForDeploymentPostprocessing = 0;
		};
/* End PBXFrameworksBuildPhase section */

/* Begin PBXGroup section */
		ED11A7CD24468F2F00D1EAA8 = {
			isa = PBXGroup;
			children = (
				ED11A7D824468F3000D1EAA8 /* TimePlayed */,
				ED11A7EF24468F3700D1EAA8 /* TimePlayedTests */,
				ED11A7FA24468F3700D1EAA8 /* TimePlayedUITests */,
				ED11A7D724468F3000D1EAA8 /* Products */,
			);
			sourceTree = "<group>";
		};
		ED11A7D724468F3000D1EAA8 /* Products */ = {
			isa = PBXGroup;
			children = (
				ED11A7D624468F3000D1EAA8 /* TimePlayed.app */,
				ED11A7EC24468F3700D1EAA8 /* TimePlayedTests.xctest */,
				ED11A7F724468F3700D1EAA8 /* TimePlayedUITests.xctest */,
			);
			name = Products;
			sourceTree = "<group>";
		};
		ED11A7D824468F3000D1EAA8 /* TimePlayed */ = {
			isa = PBXGroup;
			children = (
				ED11A80B24493B9200D1EAA8 /* LaunchScreen.storyboard */,
				ED11A7D924468F3000D1EAA8 /* AppDelegate.swift */,
				ED11A7DB24468F3000D1EAA8 /* SceneDelegate.swift */,
				ED11A7DD24468F3000D1EAA8 /* RegisterTimeViewController.swift */,
				ED11A8092446A26C00D1EAA8 /* GamesPanelViewController.swift */,
				ED11A7E224468F3600D1EAA8 /* Assets.xcassets */,
				ED11A7E724468F3600D1EAA8 /* Info.plist */,
			);
			path = TimePlayed;
			sourceTree = "<group>";
		};
		ED11A7EF24468F3700D1EAA8 /* TimePlayedTests */ = {
			isa = PBXGroup;
			children = (
				ED11A7F024468F3700D1EAA8 /* TimePlayedTests.swift */,
				ED11A7F224468F3700D1EAA8 /* Info.plist */,
			);
			path = TimePlayedTests;
			sourceTree = "<group>";
		};
		ED11A7FA24468F3700D1EAA8 /* TimePlayedUITests */ = {
			isa = PBXGroup;
			children = (
				ED11A7FB24468F3700D1EAA8 /* TimePlayedUITests.swift */,
				ED11A7FD24468F3700D1EAA8 /* Info.plist */,
			);
			path = TimePlayedUITests;
			sourceTree = "<group>";
		};
/* End PBXGroup section */

/* Begin PBXNativeTarget section */
		ED11A7D524468F3000D1EAA8 /* TimePlayed */ = {
			isa = PBXNativeTarget;
			buildConfigurationList = ED11A80024468F3700D1EAA8 /* Build configuration list for PBXNativeTarget "TimePlayed" */;
			buildPhases = (
				ED11A7D224468F3000D1EAA8 /* Sources */,
				ED11A7D324468F3000D1EAA8 /* Frameworks */,
				ED11A7D424468F3000D1EAA8 /* Resources */,
			);
			buildRules = (
			);
			dependencies = (
			);
			name = TimePlayed;
			productName = TimePlayed;
			productReference = ED11A7D624468F3000D1EAA8 /* TimePlayed.app */;
			productType = "com.apple.product-type.application";
		};
		ED11A7EB24468F3700D1EAA8 /* TimePlayedTests */ = {
			isa = PBXNativeTarget;
			buildConfigurationList = ED11A80324468F3700D1EAA8 /* Build configuration list for PBXNativeTarget "TimePlayedTests" */;
			buildPhases = (
				ED11A7E824468F3700D1EAA8 /* Sources */,
				ED11A7E924468F3700D1EAA8 /* Frameworks */,
				ED11A7EA24468F3700D1EAA8 /* Resources */,
			);
			buildRules = (
			);
			dependencies = (
				ED11A7EE24468F3700D1EAA8 /* PBXTargetDependency */,
			);
			name = TimePlayedTests;
			productName = TimePlayedTests;
			productReference = ED11A7EC24468F3700D1EAA8 /* TimePlayedTests.xctest */;
			productType = "com.apple.product-type.bundle.unit-test";
		};
		ED11A7F624468F3700D1EAA8 /* TimePlayedUITests */ = {
			isa = PBXNativeTarget;
			buildConfigurationList = ED11A80624468F3700D1EAA8 /* Build configuration list for PBXNativeTarget "TimePlayedUITests" */;
			buildPhases = (
				ED11A7F324468F3700D1EAA8 /* Sources */,
				ED11A7F424468F3700D1EAA8 /* Frameworks */,
				ED11A7F524468F3700D1EAA8 /* Resources */,
			);
			buildRules = (
			);
			dependencies = (
				ED11A7F924468F3700D1EAA8 /* PBXTargetDependency */,
			);
			name = TimePlayedUITests;
			productName = TimePlayedUITests;
			productReference = ED11A7F724468F3700D1EAA8 /* TimePlayedUITests.xctest */;
			productType = "com.apple.product-type.bundle.ui-testing";
		};
/* End PBXNativeTarget section */

/* Begin PBXProject section */
		ED11A7CE24468F3000D1EAA8 /* Project object */ = {
			isa = PBXProject;
			attributes = {
				LastSwiftUpdateCheck = 1140;
				LastUpgradeCheck = 1140;
				ORGANIZATIONNAME = "Fernando Castor";
				TargetAttributes = {
					ED11A7D524468F3000D1EAA8 = {
						CreatedOnToolsVersion = 11.4;
					};
					ED11A7EB24468F3700D1EAA8 = {
						CreatedOnToolsVersion = 11.4;
						TestTargetID = ED11A7D524468F3000D1EAA8;
					};
					ED11A7F624468F3700D1EAA8 = {
						CreatedOnToolsVersion = 11.4;
						TestTargetID = ED11A7D524468F3000D1EAA8;
					};
				};
			};
			buildConfigurationList = ED11A7D124468F3000D1EAA8 /* Build configuration list for PBXProject "TimePlayed" */;
			compatibilityVersion = "Xcode 9.3";
			developmentRegion = en;
			hasScannedForEncodings = 0;
			knownRegions = (
				en,
				Base,
			);
			mainGroup = ED11A7CD24468F2F00D1EAA8;
			productRefGroup = ED11A7D724468F3000D1EAA8 /* Products */;
			projectDirPath = "";
			projectRoot = "";
			targets = (
				ED11A7D524468F3000D1EAA8 /* TimePlayed */,
				ED11A7EB24468F3700D1EAA8 /* TimePlayedTests */,
				ED11A7F624468F3700D1EAA8 /* TimePlayedUITests */,
			);
		};
/* End PBXProject section */

/* Begin PBXResourcesBuildPhase section */
		ED11A7D424468F3000D1EAA8 /* Resources */ = {
			isa = PBXResourcesBuildPhase;
			buildActionMask = 2147483647;
			files = (
				ED11A7E324468F3600D1EAA8 /* Assets.xcassets in Resources */,
				ED11A80C24493B9300D1EAA8 /* LaunchScreen.storyboard in Resources */,
			);
			runOnlyForDeploymentPostprocessing = 0;
		};
		ED11A7EA24468F3700D1EAA8 /* Resources */ = {
			isa = PBXResourcesBuildPhase;
			buildActionMask = 2147483647;
			files = (
			);
			runOnlyForDeploymentPostprocessing = 0;
		};
		ED11A7F524468F3700D1EAA8 /* Resources */ = {
			isa = PBXResourcesBuildPhase;
			buildActionMask = 2147483647;
			files = (
			);
			runOnlyForDeploymentPostprocessing = 0;
		};
/* End PBXResourcesBuildPhase section */

/* Begin PBXSourcesBuildPhase section */
		ED11A7D224468F3000D1EAA8 /* Sources */ = {
			isa = PBXSourcesBuildPhase;
			buildActionMask = 2147483647;
			files = (
				ED11A7DE24468F3000D1EAA8 /* RegisterTimeViewController.swift in Sources */,
				ED11A80A2446A26C00D1EAA8 /* GamesPanelViewController.swift in Sources */,
				ED11A7DA24468F3000D1EAA8 /* AppDelegate.swift in Sources */,
				ED11A7DC24468F3000D1EAA8 /* SceneDelegate.swift in Sources */,
			);
			runOnlyForDeploymentPostprocessing = 0;
		};
		ED11A7E824468F3700D1EAA8 /* Sources */ = {
			isa = PBXSourcesBuildPhase;
			buildActionMask = 2147483647;
			files = (
				ED11A7F124468F3700D1EAA8 /* TimePlayedTests.swift in Sources */,
			);
			runOnlyForDeploymentPostprocessing = 0;
		};
		ED11A7F324468F3700D1EAA8 /* Sources */ = {
			isa = PBXSourcesBuildPhase;
			buildActionMask = 2147483647;
			files = (
				ED11A7FC24468F3700D1EAA8 /* TimePlayedUITests.swift in Sources */,
			);
			runOnlyForDeploymentPostprocessing = 0;
		};
/* End PBXSourcesBuildPhase section */

/* Begin PBXTargetDependency section */
		ED11A7EE24468F3700D1EAA8 /* PBXTargetDependency */ = {
			isa = PBXTargetDependency;
			target = ED11A7D524468F3000D1EAA8 /* TimePlayed */;
			targetProxy = ED11A7ED24468F3700D1EAA8 /* PBXContainerItemProxy */;
		};
		ED11A7F924468F3700D1EAA8 /* PBXTargetDependency */ = {
			isa = PBXTargetDependency;
			target = ED11A7D524468F3000D1EAA8 /* TimePlayed */;
			targetProxy = ED11A7F824468F3700D1EAA8 /* PBXContainerItemProxy */;
		};
/* End PBXTargetDependency section */

/* Begin XCBuildConfiguration section */
		ED11A7FE24468F3700D1EAA8 /* Debug */ = {
			isa = XCBuildConfiguration;
			buildSettings = {
				ALWAYS_SEARCH_USER_PATHS = NO;
				CLANG_ANALYZER_NONNULL = YES;
				CLANG_ANALYZER_NUMBER_OBJECT_CONVERSION = YES_AGGRESSIVE;
				CLANG_CXX_LANGUAGE_STANDARD = "gnu++14";
				CLANG_CXX_LIBRARY = "libc++";
				CLANG_ENABLE_MODULES = YES;
				CLANG_ENABLE_OBJC_ARC = YES;
				CLANG_ENABLE_OBJC_WEAK = YES;
				CLANG_WARN_BLOCK_CAPTURE_AUTORELEASING = YES;
				CLANG_WARN_BOOL_CONVERSION = YES;
				CLANG_WARN_COMMA = YES;
				CLANG_WARN_CONSTANT_CONVERSION = YES;
				CLANG_WARN_DEPRECATED_OBJC_IMPLEMENTATIONS = YES;
				CLANG_WARN_DIRECT_OBJC_ISA_USAGE = YES_ERROR;
				CLANG_WARN_DOCUMENTATION_COMMENTS = YES;
				CLANG_WARN_EMPTY_BODY = YES;
				CLANG_WARN_ENUM_CONVERSION = YES;
				CLANG_WARN_INFINITE_RECURSION = YES;
				CLANG_WARN_INT_CONVERSION = YES;
				CLANG_WARN_NON_LITERAL_NULL_CONVERSION = YES;
				CLANG_WARN_OBJC_IMPLICIT_RETAIN_SELF = YES;
				CLANG_WARN_OBJC_LITERAL_CONVERSION = YES;
				CLANG_WARN_OBJC_ROOT_CLASS = YES_ERROR;
				CLANG_WARN_RANGE_LOOP_ANALYSIS = YES;
				CLANG_WARN_STRICT_PROTOTYPES = YES;
				CLANG_WARN_SUSPICIOUS_MOVE = YES;
				CLANG_WARN_UNGUARDED_AVAILABILITY = YES_AGGRESSIVE;
				CLANG_WARN_UNREACHABLE_CODE = YES;
				CLANG_WARN__DUPLICATE_METHOD_MATCH = YES;
				COPY_PHASE_STRIP = NO;
				DEBUG_INFORMATION_FORMAT = dwarf;
				ENABLE_STRICT_OBJC_MSGSEND = YES;
				ENABLE_TESTABILITY = YES;
				GCC_C_LANGUAGE_STANDARD = gnu11;
				GCC_DYNAMIC_NO_PIC = NO;
				GCC_NO_COMMON_BLOCKS = YES;
				GCC_OPTIMIZATION_LEVEL = 0;
				GCC_PREPROCESSOR_DEFINITIONS = (
					"DEBUG=1",
					"$(inherited)",
				);
				GCC_WARN_64_TO_32_BIT_CONVERSION = YES;
				GCC_WARN_ABOUT_RETURN_TYPE = YES_ERROR;
				GCC_WARN_UNDECLARED_SELECTOR = YES;
				GCC_WARN_UNINITIALIZED_AUTOS = YES_AGGRESSIVE;
				GCC_WARN_UNUSED_FUNCTION = YES;
				GCC_WARN_UNUSED_VARIABLE = YES;
				IPHONEOS_DEPLOYMENT_TARGET = 13.4;
				MTL_ENABLE_DEBUG_INFO = INCLUDE_SOURCE;
				MTL_FAST_MATH = YES;
				ONLY_ACTIVE_ARCH = YES;
				SDKROOT = iphoneos;
				SWIFT_ACTIVE_COMPILATION_CONDITIONS = DEBUG;
				SWIFT_OPTIMIZATION_LEVEL = "-Onone";
			};
			name = Debug;
		};
		ED11A7FF24468F3700D1EAA8 /* Release */ = {
			isa = XCBuildConfiguration;
			buildSettings = {
				ALWAYS_SEARCH_USER_PATHS = NO;
				CLANG_ANALYZER_NONNULL = YES;
				CLANG_ANALYZER_NUMBER_OBJECT_CONVERSION = YES_AGGRESSIVE;
				CLANG_CXX_LANGUAGE_STANDARD = "gnu++14";
				CLANG_CXX_LIBRARY = "libc++";
				CLANG_ENABLE_MODULES = YES;
				CLANG_ENABLE_OBJC_ARC = YES;
				CLANG_ENABLE_OBJC_WEAK = YES;
				CLANG_WARN_BLOCK_CAPTURE_AUTORELEASING = YES;
				CLANG_WARN_BOOL_CONVERSION = YES;
				CLANG_WARN_COMMA = YES;
				CLANG_WARN_CONSTANT_CONVERSION = YES;
				CLANG_WARN_DEPRECATED_OBJC_IMPLEMENTATIONS = YES;
				CLANG_WARN_DIRECT_OBJC_ISA_USAGE = YES_ERROR;
				CLANG_WARN_DOCUMENTATION_COMMENTS = YES;
				CLANG_WARN_EMPTY_BODY = YES;
				CLANG_WARN_ENUM_CONVERSION = YES;
				CLANG_WARN_INFINITE_RECURSION = YES;
				CLANG_WARN_INT_CONVERSION = YES;
				CLANG_WARN_NON_LITERAL_NULL_CONVERSION = YES;
				CLANG_WARN_OBJC_IMPLICIT_RETAIN_SELF = YES;
				CLANG_WARN_OBJC_LITERAL_CONVERSION = YES;
				CLANG_WARN_OBJC_ROOT_CLASS = YES_ERROR;
				CLANG_WARN_RANGE_LOOP_ANALYSIS = YES;
				CLANG_WARN_STRICT_PROTOTYPES = YES;
				CLANG_WARN_SUSPICIOUS_MOVE = YES;
				CLANG_WARN_UNGUARDED_AVAILABILITY = YES_AGGRESSIVE;
				CLANG_WARN_UNREACHABLE_CODE = YES;
				CLANG_WARN__DUPLICATE_METHOD_MATCH = YES;
				COPY_PHASE_STRIP = NO;
				DEBUG_INFORMATION_FORMAT = "dwarf-with-dsym";
				ENABLE_NS_ASSERTIONS = NO;
				ENABLE_STRICT_OBJC_MSGSEND = YES;
				GCC_C_LANGUAGE_STANDARD = gnu11;
				GCC_NO_COMMON_BLOCKS = YES;
				GCC_WARN_64_TO_32_BIT_CONVERSION = YES;
				GCC_WARN_ABOUT_RETURN_TYPE = YES_ERROR;
				GCC_WARN_UNDECLARED_SELECTOR = YES;
				GCC_WARN_UNINITIALIZED_AUTOS = YES_AGGRESSIVE;
				GCC_WARN_UNUSED_FUNCTION = YES;
				GCC_WARN_UNUSED_VARIABLE = YES;
				IPHONEOS_DEPLOYMENT_TARGET = 13.4;
				MTL_ENABLE_DEBUG_INFO = NO;
				MTL_FAST_MATH = YES;
				SDKROOT = iphoneos;
				SWIFT_COMPILATION_MODE = wholemodule;
				SWIFT_OPTIMIZATION_LEVEL = "-O";
				VALIDATE_PRODUCT = YES;
			};
			name = Release;
		};
		ED11A80124468F3700D1EAA8 /* Debug */ = {
			isa = XCBuildConfiguration;
			buildSettings = {
				ASSETCATALOG_COMPILER_APPICON_NAME = AppIcon;
				CODE_SIGN_STYLE = Automatic;
				DEVELOPMENT_TEAM = G3T8Y82Y98;
				INFOPLIST_FILE = TimePlayed/Info.plist;
				LD_RUNPATH_SEARCH_PATHS = (
					"$(inherited)",
					"@executable_path/Frameworks",
				);
				PRODUCT_BUNDLE_IDENTIFIER = br.ufpe.cin.academy.TimePlayed;
				PRODUCT_NAME = "$(TARGET_NAME)";
				SWIFT_VERSION = 5.0;
				TARGETED_DEVICE_FAMILY = "1,2";
			};
			name = Debug;
		};
		ED11A80224468F3700D1EAA8 /* Release */ = {
			isa = XCBuildConfiguration;
			buildSettings = {
				ASSETCATALOG_COMPILER_APPICON_NAME = AppIcon;
				CODE_SIGN_STYLE = Automatic;
				DEVELOPMENT_TEAM = G3T8Y82Y98;
				INFOPLIST_FILE = TimePlayed/Info.plist;
				LD_RUNPATH_SEARCH_PATHS = (
					"$(inherited)",
					"@executable_path/Frameworks",
				);
				PRODUCT_BUNDLE_IDENTIFIER = br.ufpe.cin.academy.TimePlayed;
				PRODUCT_NAME = "$(TARGET_NAME)";
				SWIFT_VERSION = 5.0;
				TARGETED_DEVICE_FAMILY = "1,2";
			};
			name = Release;
		};
		ED11A80424468F3700D1EAA8 /* Debug */ = {
			isa = XCBuildConfiguration;
			buildSettings = {
				ALWAYS_EMBED_SWIFT_STANDARD_LIBRARIES = YES;
				BUNDLE_LOADER = "$(TEST_HOST)";
				CODE_SIGN_STYLE = Automatic;
				DEVELOPMENT_TEAM = G3T8Y82Y98;
				INFOPLIST_FILE = TimePlayedTests/Info.plist;
				IPHONEOS_DEPLOYMENT_TARGET = 13.4;
				LD_RUNPATH_SEARCH_PATHS = (
					"$(inherited)",
					"@executable_path/Frameworks",
					"@loader_path/Frameworks",
				);
				PRODUCT_BUNDLE_IDENTIFIER = br.ufpe.cin.academy.TimePlayedTests;
				PRODUCT_NAME = "$(TARGET_NAME)";
				SWIFT_VERSION = 5.0;
				TARGETED_DEVICE_FAMILY = "1,2";
				TEST_HOST = "$(BUILT_PRODUCTS_DIR)/TimePlayed.app/TimePlayed";
			};
			name = Debug;
		};
		ED11A80524468F3700D1EAA8 /* Release */ = {
			isa = XCBuildConfiguration;
			buildSettings = {
				ALWAYS_EMBED_SWIFT_STANDARD_LIBRARIES = YES;
				BUNDLE_LOADER = "$(TEST_HOST)";
				CODE_SIGN_STYLE = Automatic;
				DEVELOPMENT_TEAM = G3T8Y82Y98;
				INFOPLIST_FILE = TimePlayedTests/Info.plist;
				IPHONEOS_DEPLOYMENT_TARGET = 13.4;
				LD_RUNPATH_SEARCH_PATHS = (
					"$(inherited)",
					"@executable_path/Frameworks",
					"@loader_path/Frameworks",
				);
				PRODUCT_BUNDLE_IDENTIFIER = br.ufpe.cin.academy.TimePlayedTests;
				PRODUCT_NAME = "$(TARGET_NAME)";
				SWIFT_VERSION = 5.0;
				TARGETED_DEVICE_FAMILY = "1,2";
				TEST_HOST = "$(BUILT_PRODUCTS_DIR)/TimePlayed.app/TimePlayed";
			};
			name = Release;
		};
		ED11A80724468F3700D1EAA8 /* Debug */ = {
			isa = XCBuildConfiguration;
			buildSettings = {
				ALWAYS_EMBED_SWIFT_STANDARD_LIBRARIES = YES;
				CODE_SIGN_STYLE = Automatic;
				DEVELOPMENT_TEAM = G3T8Y82Y98;
				INFOPLIST_FILE = TimePlayedUITests/Info.plist;
				LD_RUNPATH_SEARCH_PATHS = (
					"$(inherited)",
					"@executable_path/Frameworks",
					"@loader_path/Frameworks",
				);
				PRODUCT_BUNDLE_IDENTIFIER = br.ufpe.cin.academy.TimePlayedUITests;
				PRODUCT_NAME = "$(TARGET_NAME)";
				SWIFT_VERSION = 5.0;
				TARGETED_DEVICE_FAMILY = "1,2";
				TEST_TARGET_NAME = TimePlayed;
			};
			name = Debug;
		};
		ED11A80824468F3700D1EAA8 /* Release */ = {
			isa = XCBuildConfiguration;
			buildSettings = {
				ALWAYS_EMBED_SWIFT_STANDARD_LIBRARIES = YES;
				CODE_SIGN_STYLE = Automatic;
				DEVELOPMENT_TEAM = G3T8Y82Y98;
				INFOPLIST_FILE = TimePlayedUITests/Info.plist;
				LD_RUNPATH_SEARCH_PATHS = (
					"$(inherited)",
					"@executable_path/Frameworks",
					"@loader_path/Frameworks",
				);
				PRODUCT_BUNDLE_IDENTIFIER = br.ufpe.cin.academy.TimePlayedUITests;
				PRODUCT_NAME = "$(TARGET_NAME)";
				SWIFT_VERSION = 5.0;
				TARGETED_DEVICE_FAMILY = "1,2";
				TEST_TARGET_NAME = TimePlayed;
			};
			name = Release;
		};
/* End XCBuildConfiguration section */

/* Begin XCConfigurationList section */
		ED11A7D124468F3000D1EAA8 /* Build configuration list for PBXProject "TimePlayed" */ = {
			isa = XCConfigurationList;
			buildConfigurations = (
				ED11A7FE24468F3700D1EAA8 /* Debug */,
				ED11A7FF24468F3700D1EAA8 /* Release */,
			);
			defaultConfigurationIsVisible = 0;
			defaultConfigurationName = Release;
		};
		ED11A80024468F3700D1EAA8 /* Build configuration list for PBXNativeTarget "TimePlayed" */ = {
			isa = XCConfigurationList;
			buildConfigurations = (
				ED11A80124468F3700D1EAA8 /* Debug */,
				ED11A80224468F3700D1EAA8 /* Release */,
			);
			defaultConfigurationIsVisible = 0;
			defaultConfigurationName = Release;
		};
		ED11A80324468F3700D1EAA8 /* Build configuration list for PBXNativeTarget "TimePlayedTests" */ = {
			isa = XCConfigurationList;
			buildConfigurations = (
				ED11A80424468F3700D1EAA8 /* Debug */,
				ED11A80524468F3700D1EAA8 /* Release */,
			);
			defaultConfigurationIsVisible = 0;
			defaultConfigurationName = Release;
		};
		ED11A80624468F3700D1EAA8 /* Build configuration list for PBXNativeTarget "TimePlayedUITests" */ = {
			isa = XCConfigurationList;
			buildConfigurations = (
				ED11A80724468F3700D1EAA8 /* Debug */,
				ED11A80824468F3700D1EAA8 /* Release */,
			);
			defaultConfigurationIsVisible = 0;
			defaultConfigurationName = Release;
		};
/* End XCConfigurationList section */
	};
	rootObject = ED11A7CE24468F3000D1EAA8 /* Project object */;
}
